{
  "name": "@samuelmarina/is-odd",
  "version": "1.0.3",
  "lockfileVersion": 2,
  "requires": true,
  "packages": {
    "": {
      "name": "@samuelmarina/is-odd",
      "version": "1.0.3",
      "license": "ISC",
      "dependencies": {
        "@samuelmarina/is-even": "^1.0.9"
      }
    },
    "node_modules/@samuelmarina/is-even": {
      "version": "1.0.9",
      "resolved": "https://registry.npmjs.org/@samuelmarina/is-even/-/is-even-1.0.9.tgz",
      "integrity": "sha512-e54kFsQcCFtQGtC8c4ROyRf0LtprQ1qjBWeCBNe2TIeEbiSzj0y8p2khYP5SmVoG3qBTPpcX4zjoVzjWHRXOEA=="
    }
  },
  "dependencies": {
    "@samuelmarina/is-even": {
      "version": "1.0.9",
      "resolved": "https://registry.npmjs.org/@samuelmarina/is-even/-/is-even-1.0.9.tgz",
      "integrity": "sha512-e54kFsQcCFtQGtC8c4ROyRf0LtprQ1qjBWeCBNe2TIeEbiSzj0y8p2khYP5SmVoG3qBTPpcX4zjoVzjWHRXOEA=="
    }
  }
}
